
Microsoft Visual Studio Solution File, Format Version 12.00
# Visual Studio Version 17
VisualStudioVersion = 17.9.34728.123
MinimumVisualStudioVersion = 10.0.40219.1
Project("{9A19103F-16F7-4668-BE54-9A1E7A4F7556}") = "IngestaoRadar_FileGenerator", "IngestaoRadar_FileGenerator\IngestaoRadar_FileGenerator.csproj", "{0655420F-F338-4D74-ABA2-8B33D01B9B8A}"
EndProject
Project("{9A19103F-16F7-4668-BE54-9A1E7A4F7556}") = "Controllers", "Controllers\Controllers.csproj", "{96E473C1-C194-4248-85B2-EE6D6FEEFB7F}"
EndProject
Project("{9A19103F-16F7-4668-BE54-9A1E7A4F7556}") = "Repositories", "Repositories\Repositories.csproj", "{3407A105-8466-4FA2-BA33-C414453E35DB}"
EndProject
Project("{9A19103F-16F7-4668-BE54-9A1E7A4F7556}") = "Services", "Services\Services.csproj", "{004AEC39-277B-4062-8A77-4E56398C89CD}"
EndProject
Project("{2150E333-8FDC-42A3-9474-1A3956D46DE8}") = "MVC", "MVC", "{8A244AFB-2885-4D2C-A08D-D4293942522D}"
EndProject
Project("{2150E333-8FDC-42A3-9474-1A3956D46DE8}") = "Utils", "Utils", "{FD66A163-7BB8-4E11-AC38-62EA809D4D53}"
EndProject
Project("{9A19103F-16F7-4668-BE54-9A1E7A4F7556}") = "Models", "..\IngestaoRadar_Persist\Models\Models.csproj", "{F3C31742-96FD-4008-8C9F-4AB42098CA84}"
EndProject
Global
	GlobalSection(SolutionConfigurationPlatforms) = preSolution
		Debug|Any CPU = Debug|Any CPU
		Release|Any CPU = Release|Any CPU
	EndGlobalSection
	GlobalSection(ProjectConfigurationPlatforms) = postSolution
		{0655420F-F338-4D74-ABA2-8B33D01B9B8A}.Debug|Any CPU.ActiveCfg = Debug|Any CPU
		{0655420F-F338-4D74-ABA2-8B33D01B9B8A}.Debug|Any CPU.Build.0 = Debug|Any CPU
		{0655420F-F338-4D74-ABA2-8B33D01B9B8A}.Release|Any CPU.ActiveCfg = Release|Any CPU
		{0655420F-F338-4D74-ABA2-8B33D01B9B8A}.Release|Any CPU.Build.0 = Release|Any CPU
		{96E473C1-C194-4248-85B2-EE6D6FEEFB7F}.Debug|Any CPU.ActiveCfg = Debug|Any CPU
		{96E473C1-C194-4248-85B2-EE6D6FEEFB7F}.Debug|Any CPU.Build.0 = Debug|Any CPU
		{96E473C1-C194-4248-85B2-EE6D6FEEFB7F}.Release|Any CPU.ActiveCfg = Release|Any CPU
		{96E473C1-C194-4248-85B2-EE6D6FEEFB7F}.Release|Any CPU.Build.0 = Release|Any CPU
		{3407A105-8466-4FA2-BA33-C414453E35DB}.Debug|Any CPU.ActiveCfg = Debug|Any CPU
		{3407A105-8466-4FA2-BA33-C414453E35DB}.Debug|Any CPU.Build.0 = Debug|Any CPU
		{3407A105-8466-4FA2-BA33-C414453E35DB}.Release|Any CPU.ActiveCfg = Release|Any CPU
		{3407A105-8466-4FA2-BA33-C414453E35DB}.Release|Any CPU.Build.0 = Release|Any CPU
		{004AEC39-277B-4062-8A77-4E56398C89CD}.Debug|Any CPU.ActiveCfg = Debug|Any CPU
		{004AEC39-277B-4062-8A77-4E56398C89CD}.Debug|Any CPU.Build.0 = Debug|Any CPU
		{004AEC39-277B-4062-8A77-4E56398C89CD}.Release|Any CPU.ActiveCfg = Release|Any CPU
		{004AEC39-277B-4062-8A77-4E56398C89CD}.Release|Any CPU.Build.0 = Release|Any CPU
		{F3C31742-96FD-4008-8C9F-4AB42098CA84}.Debug|Any CPU.ActiveCfg = Debug|Any CPU
		{F3C31742-96FD-4008-8C9F-4AB42098CA84}.Debug|Any CPU.Build.0 = Debug|Any CPU
		{F3C31742-96FD-4008-8C9F-4AB42098CA84}.Release|Any CPU.ActiveCfg = Release|Any CPU
		{F3C31742-96FD-4008-8C9F-4AB42098CA84}.Release|Any CPU.Build.0 = Release|Any CPU
	EndGlobalSection
	GlobalSection(SolutionProperties) = preSolution
		HideSolutionNode = FALSE
	EndGlobalSection
	GlobalSection(NestedProjects) = preSolution
		{96E473C1-C194-4248-85B2-EE6D6FEEFB7F} = {8A244AFB-2885-4D2C-A08D-D4293942522D}
		{3407A105-8466-4FA2-BA33-C414453E35DB} = {8A244AFB-2885-4D2C-A08D-D4293942522D}
		{004AEC39-277B-4062-8A77-4E56398C89CD} = {8A244AFB-2885-4D2C-A08D-D4293942522D}
		{F3C31742-96FD-4008-8C9F-4AB42098CA84} = {FD66A163-7BB8-4E11-AC38-62EA809D4D53}
	EndGlobalSection
	GlobalSection(ExtensibilityGlobals) = postSolution
		SolutionGuid = {9EFEC1C3-412D-4EF0-A70E-939E18656552}
	EndGlobalSection
EndGlobal
